
Microsoft Visual Studio Solution File, Format Version 12.00
# Visual Studio Version 17
VisualStudioVersion = 17.0.31903.59
MinimumVisualStudioVersion = 10.0.40219.1
Project("{2150E333-8FDC-42A3-9474-1A3956D46DE8}") = "Fanout", "Fanout", "{A1BEA0D1-2E12-403F-9C79-496BB4F4FF65}"
EndProject
Project("{9A19103F-16F7-4668-BE54-9A1E7A4F7556}") = "FanoutPublisher", "FanoutPublisher\FanoutPublisher.csproj", "{472E7689-C28D-48C6-838A-8D19AE4ECBB7}"
EndProject
Project("{9A19103F-16F7-4668-BE54-9A1E7A4F7556}") = "FanoutConsumer", "FanoutConsumer\FanoutConsumer.csproj", "{A0D851C7-4CEE-4045-A542-38846C496FF2}"
EndProject
Project("{2150E333-8FDC-42A3-9474-1A3956D46DE8}") = "Direct", "Direct", "{2CCE3AF7-EA5F-4A82-B214-9069E10C21C2}"
EndProject
Project("{FAE04EC0-301F-11D3-BF4B-00C04F79EFBC}") = "DirectConsumer", "DirectConsumer\DirectConsumer.csproj", "{9036AF61-13BB-4A2A-A051-A567713256BD}"
EndProject
Project("{FAE04EC0-301F-11D3-BF4B-00C04F79EFBC}") = "DirectPublisher", "DirectPublisher\DirectPublisher.csproj", "{D5DA85BA-78E5-4BD4-BD84-28EE0AA7D909}"
EndProject
Project("{2150E333-8FDC-42A3-9474-1A3956D46DE8}") = "Topic", "Topic", "{39E2D799-CD78-4D98-BB24-7BBC25065070}"
EndProject
Project("{FAE04EC0-301F-11D3-BF4B-00C04F79EFBC}") = "TopicPublisher", "TopicPublisher\TopicPublisher.csproj", "{08D3036A-0B31-4818-A1FB-AC234AE0CC8E}"
EndProject
Project("{FAE04EC0-301F-11D3-BF4B-00C04F79EFBC}") = "TopicConsumer", "TopicConsumer\TopicConsumer.csproj", "{C7B9FADD-1BEC-40AE-AF4B-CDBA91F6615B}"
EndProject
Project("{2150E333-8FDC-42A3-9474-1A3956D46DE8}") = "Solution Items", "Solution Items", "{BCD2E59D-E22B-4C73-A36E-1B9905144B77}"
	ProjectSection(SolutionItems) = preProject
		README.md = README.md
	EndProjectSection
EndProject
Project("{2150E333-8FDC-42A3-9474-1A3956D46DE8}") = "Exchanges", "Exchanges", "{8CCDF67B-5ADA-4D3E-950D-0A78B2DAF46E}"
EndProject
Project("{2150E333-8FDC-42A3-9474-1A3956D46DE8}") = "images", "images", "{AC530771-FC94-4CF9-B104-3968817AC692}"
	ProjectSection(SolutionItems) = preProject
		images\direct.png = images\direct.png
		images\fanout.png = images\fanout.png
		images\header.png = images\header.png
		images\logo.png = images\logo.png
	EndProjectSection
EndProject
Project("{2150E333-8FDC-42A3-9474-1A3956D46DE8}") = "Header", "Header", "{B7A96B2B-D290-4A26-8379-DC534D14817B}"
EndProject
Project("{FAE04EC0-301F-11D3-BF4B-00C04F79EFBC}") = "HeaderConsumer", "HeaderConsumer\HeaderConsumer.csproj", "{9B9288E5-F7B3-4E2C-8D11-7CB26F67E0C7}"
EndProject
Project("{FAE04EC0-301F-11D3-BF4B-00C04F79EFBC}") = "HeaderPublisher", "HeaderPublisher\HeaderPublisher.csproj", "{74CF67C5-A463-4F39-BBA6-E5D539FAE77C}"
EndProject
Global
	GlobalSection(SolutionConfigurationPlatforms) = preSolution
		Debug|Any CPU = Debug|Any CPU
		Release|Any CPU = Release|Any CPU
	EndGlobalSection
	GlobalSection(ProjectConfigurationPlatforms) = postSolution
		{472E7689-C28D-48C6-838A-8D19AE4ECBB7}.Debug|Any CPU.ActiveCfg = Debug|Any CPU
		{472E7689-C28D-48C6-838A-8D19AE4ECBB7}.Debug|Any CPU.Build.0 = Debug|Any CPU
		{472E7689-C28D-48C6-838A-8D19AE4ECBB7}.Release|Any CPU.ActiveCfg = Release|Any CPU
		{472E7689-C28D-48C6-838A-8D19AE4ECBB7}.Release|Any CPU.Build.0 = Release|Any CPU
		{A0D851C7-4CEE-4045-A542-38846C496FF2}.Debug|Any CPU.ActiveCfg = Debug|Any CPU
		{A0D851C7-4CEE-4045-A542-38846C496FF2}.Debug|Any CPU.Build.0 = Debug|Any CPU
		{A0D851C7-4CEE-4045-A542-38846C496FF2}.Release|Any CPU.ActiveCfg = Release|Any CPU
		{A0D851C7-4CEE-4045-A542-38846C496FF2}.Release|Any CPU.Build.0 = Release|Any CPU
		{9036AF61-13BB-4A2A-A051-A567713256BD}.Debug|Any CPU.ActiveCfg = Debug|Any CPU
		{9036AF61-13BB-4A2A-A051-A567713256BD}.Debug|Any CPU.Build.0 = Debug|Any CPU
		{9036AF61-13BB-4A2A-A051-A567713256BD}.Release|Any CPU.ActiveCfg = Release|Any CPU
		{9036AF61-13BB-4A2A-A051-A567713256BD}.Release|Any CPU.Build.0 = Release|Any CPU
		{D5DA85BA-78E5-4BD4-BD84-28EE0AA7D909}.Debug|Any CPU.ActiveCfg = Debug|Any CPU
		{D5DA85BA-78E5-4BD4-BD84-28EE0AA7D909}.Debug|Any CPU.Build.0 = Debug|Any CPU
		{D5DA85BA-78E5-4BD4-BD84-28EE0AA7D909}.Release|Any CPU.ActiveCfg = Release|Any CPU
		{D5DA85BA-78E5-4BD4-BD84-28EE0AA7D909}.Release|Any CPU.Build.0 = Release|Any CPU
		{08D3036A-0B31-4818-A1FB-AC234AE0CC8E}.Debug|Any CPU.ActiveCfg = Debug|Any CPU
		{08D3036A-0B31-4818-A1FB-AC234AE0CC8E}.Debug|Any CPU.Build.0 = Debug|Any CPU
		{08D3036A-0B31-4818-A1FB-AC234AE0CC8E}.Release|Any CPU.ActiveCfg = Release|Any CPU
		{08D3036A-0B31-4818-A1FB-AC234AE0CC8E}.Release|Any CPU.Build.0 = Release|Any CPU
		{C7B9FADD-1BEC-40AE-AF4B-CDBA91F6615B}.Debug|Any CPU.ActiveCfg = Debug|Any CPU
		{C7B9FADD-1BEC-40AE-AF4B-CDBA91F6615B}.Debug|Any CPU.Build.0 = Debug|Any CPU
		{C7B9FADD-1BEC-40AE-AF4B-CDBA91F6615B}.Release|Any CPU.ActiveCfg = Release|Any CPU
		{C7B9FADD-1BEC-40AE-AF4B-CDBA91F6615B}.Release|Any CPU.Build.0 = Release|Any CPU
		{9B9288E5-F7B3-4E2C-8D11-7CB26F67E0C7}.Debug|Any CPU.ActiveCfg = Debug|Any CPU
		{9B9288E5-F7B3-4E2C-8D11-7CB26F67E0C7}.Debug|Any CPU.Build.0 = Debug|Any CPU
		{9B9288E5-F7B3-4E2C-8D11-7CB26F67E0C7}.Release|Any CPU.ActiveCfg = Release|Any CPU
		{9B9288E5-F7B3-4E2C-8D11-7CB26F67E0C7}.Release|Any CPU.Build.0 = Release|Any CPU
		{74CF67C5-A463-4F39-BBA6-E5D539FAE77C}.Debug|Any CPU.ActiveCfg = Debug|Any CPU
		{74CF67C5-A463-4F39-BBA6-E5D539FAE77C}.Debug|Any CPU.Build.0 = Debug|Any CPU
		{74CF67C5-A463-4F39-BBA6-E5D539FAE77C}.Release|Any CPU.ActiveCfg = Release|Any CPU
		{74CF67C5-A463-4F39-BBA6-E5D539FAE77C}.Release|Any CPU.Build.0 = Release|Any CPU
	EndGlobalSection
	GlobalSection(SolutionProperties) = preSolution
		HideSolutionNode = FALSE
	EndGlobalSection
	GlobalSection(NestedProjects) = preSolution
		{A1BEA0D1-2E12-403F-9C79-496BB4F4FF65} = {8CCDF67B-5ADA-4D3E-950D-0A78B2DAF46E}
		{472E7689-C28D-48C6-838A-8D19AE4ECBB7} = {A1BEA0D1-2E12-403F-9C79-496BB4F4FF65}
		{A0D851C7-4CEE-4045-A542-38846C496FF2} = {A1BEA0D1-2E12-403F-9C79-496BB4F4FF65}
		{2CCE3AF7-EA5F-4A82-B214-9069E10C21C2} = {8CCDF67B-5ADA-4D3E-950D-0A78B2DAF46E}
		{9036AF61-13BB-4A2A-A051-A567713256BD} = {2CCE3AF7-EA5F-4A82-B214-9069E10C21C2}
		{D5DA85BA-78E5-4BD4-BD84-28EE0AA7D909} = {2CCE3AF7-EA5F-4A82-B214-9069E10C21C2}
		{39E2D799-CD78-4D98-BB24-7BBC25065070} = {8CCDF67B-5ADA-4D3E-950D-0A78B2DAF46E}
		{08D3036A-0B31-4818-A1FB-AC234AE0CC8E} = {39E2D799-CD78-4D98-BB24-7BBC25065070}
		{C7B9FADD-1BEC-40AE-AF4B-CDBA91F6615B} = {39E2D799-CD78-4D98-BB24-7BBC25065070}
		{AC530771-FC94-4CF9-B104-3968817AC692} = {BCD2E59D-E22B-4C73-A36E-1B9905144B77}
		{B7A96B2B-D290-4A26-8379-DC534D14817B} = {8CCDF67B-5ADA-4D3E-950D-0A78B2DAF46E}
		{9B9288E5-F7B3-4E2C-8D11-7CB26F67E0C7} = {B7A96B2B-D290-4A26-8379-DC534D14817B}
		{74CF67C5-A463-4F39-BBA6-E5D539FAE77C} = {B7A96B2B-D290-4A26-8379-DC534D14817B}
	EndGlobalSection
	GlobalSection(ExtensibilityGlobals) = postSolution
		SolutionGuid = {432E7A84-15F4-4212-B815-075A32F6048F}
	EndGlobalSection
EndGlobal
