
Microsoft Visual Studio Solution File, Format Version 12.00
# Visual Studio Version 17
VisualStudioVersion = 17.0.31903.59
MinimumVisualStudioVersion = 10.0.40219.1
Project("{2150E333-8FDC-42A3-9474-1A3956D46DE8}") = "Fanout", "Fanout", "{A1BEA0D1-2E12-403F-9C79-496BB4F4FF65}"
EndProject
Project("{FAE04EC0-301F-11D3-BF4B-00C04F79EFBC}") = "FanoutPublisher", "FanoutPublisher\FanoutPublisher.csproj", "{472E7689-C28D-48C6-838A-8D19AE4ECBB7}"
EndProject
Project("{FAE04EC0-301F-11D3-BF4B-00C04F79EFBC}") = "FanoutConsumer", "FanoutConsumer\FanoutConsumer.csproj", "{A0D851C7-4CEE-4045-A542-38846C496FF2}"
EndProject
Global
	GlobalSection(SolutionConfigurationPlatforms) = preSolution
		Debug|Any CPU = Debug|Any CPU
		Release|Any CPU = Release|Any CPU
	EndGlobalSection
	GlobalSection(ProjectConfigurationPlatforms) = postSolution
		{472E7689-C28D-48C6-838A-8D19AE4ECBB7}.Debug|Any CPU.ActiveCfg = Debug|Any CPU
		{472E7689-C28D-48C6-838A-8D19AE4ECBB7}.Debug|Any CPU.Build.0 = Debug|Any CPU
		{472E7689-C28D-48C6-838A-8D19AE4ECBB7}.Release|Any CPU.ActiveCfg = Release|Any CPU
		{472E7689-C28D-48C6-838A-8D19AE4ECBB7}.Release|Any CPU.Build.0 = Release|Any CPU
		{A0D851C7-4CEE-4045-A542-38846C496FF2}.Debug|Any CPU.ActiveCfg = Debug|Any CPU
		{A0D851C7-4CEE-4045-A542-38846C496FF2}.Debug|Any CPU.Build.0 = Debug|Any CPU
		{A0D851C7-4CEE-4045-A542-38846C496FF2}.Release|Any CPU.ActiveCfg = Release|Any CPU
		{A0D851C7-4CEE-4045-A542-38846C496FF2}.Release|Any CPU.Build.0 = Release|Any CPU
	EndGlobalSection
	GlobalSection(SolutionProperties) = preSolution
		HideSolutionNode = FALSE
	EndGlobalSection
	GlobalSection(NestedProjects) = preSolution
		{472E7689-C28D-48C6-838A-8D19AE4ECBB7} = {A1BEA0D1-2E12-403F-9C79-496BB4F4FF65}
		{A0D851C7-4CEE-4045-A542-38846C496FF2} = {A1BEA0D1-2E12-403F-9C79-496BB4F4FF65}
	EndGlobalSection
	GlobalSection(ExtensibilityGlobals) = postSolution
		SolutionGuid = {432E7A84-15F4-4212-B815-075A32F6048F}
	EndGlobalSection
EndGlobal
